// !$*UTF8*$!
{
	archiveVersion = 1;
	classes = {
	};
	objectVersion = 51;
	objects = {

/* Begin PBXBuildFile section */
		0C08C67324C5E76300379A9D /* UploadTweetViewModel.swift in Sources */ = {isa = PBXBuildFile; fileRef = 0C08C67224C5E76300379A9D /* UploadTweetViewModel.swift */; };
		0C09B7FA24B8212600C6CF7C /* AppDelegate.swift in Sources */ = {isa = PBXBuildFile; fileRef = 0C09B7F924B8212600C6CF7C /* AppDelegate.swift */; };
		0C09B7FC24B8212600C6CF7C /* SceneDelegate.swift in Sources */ = {isa = PBXBuildFile; fileRef = 0C09B7FB24B8212600C6CF7C /* SceneDelegate.swift */; };
		0C09B80124B8212600C6CF7C /* Main.storyboard in Resources */ = {isa = PBXBuildFile; fileRef = 0C09B7FF24B8212600C6CF7C /* Main.storyboard */; };
		0C09B80324B8212800C6CF7C /* Assets.xcassets in Resources */ = {isa = PBXBuildFile; fileRef = 0C09B80224B8212800C6CF7C /* Assets.xcassets */; };
		0C09B80624B8212800C6CF7C /* LaunchScreen.storyboard in Resources */ = {isa = PBXBuildFile; fileRef = 0C09B80424B8212800C6CF7C /* LaunchScreen.storyboard */; };
		0C09B81924B8224500C6CF7C /* MainTabController.swift in Sources */ = {isa = PBXBuildFile; fileRef = 0C09B81824B8224500C6CF7C /* MainTabController.swift */; };
		0C09B81B24B823BD00C6CF7C /* FeedController.swift in Sources */ = {isa = PBXBuildFile; fileRef = 0C09B81A24B823BD00C6CF7C /* FeedController.swift */; };
		0C09B81D24B823F600C6CF7C /* ExploreController.swift in Sources */ = {isa = PBXBuildFile; fileRef = 0C09B81C24B823F600C6CF7C /* ExploreController.swift */; };
		0C09B81F24B8243800C6CF7C /* NotificationsController.swift in Sources */ = {isa = PBXBuildFile; fileRef = 0C09B81E24B8243800C6CF7C /* NotificationsController.swift */; };
		0C09B82124B8248C00C6CF7C /* ConversationController.swift in Sources */ = {isa = PBXBuildFile; fileRef = 0C09B82024B8248C00C6CF7C /* ConversationController.swift */; };
		0C09B82324B834C500C6CF7C /* extension + UIColor.swift in Sources */ = {isa = PBXBuildFile; fileRef = 0C09B82224B834C500C6CF7C /* extension + UIColor.swift */; };
		0C09B82624B83AB600C6CF7C /* LoginViewController.swift in Sources */ = {isa = PBXBuildFile; fileRef = 0C09B82524B83AB600C6CF7C /* LoginViewController.swift */; };
		0C09B82824B83B0700C6CF7C /* RegistrationViewController.swift in Sources */ = {isa = PBXBuildFile; fileRef = 0C09B82724B83B0700C6CF7C /* RegistrationViewController.swift */; };
		0C09B82A24B859DF00C6CF7C /* extension + UITextFiled.swift in Sources */ = {isa = PBXBuildFile; fileRef = 0C09B82924B859DF00C6CF7C /* extension + UITextFiled.swift */; };
		0C09B82C24B85A2600C6CF7C /* extension + UIView.swift in Sources */ = {isa = PBXBuildFile; fileRef = 0C09B82B24B85A2600C6CF7C /* extension + UIView.swift */; };
		0C09B82E24B8948500C6CF7C /* extension + UIButton.swift in Sources */ = {isa = PBXBuildFile; fileRef = 0C09B82D24B8948500C6CF7C /* extension + UIButton.swift */; };
		0C21F04A24BA0C5700988314 /* GoogleService-Info.plist in Resources */ = {isa = PBXBuildFile; fileRef = 0C21F04924BA0C5700988314 /* GoogleService-Info.plist */; };
		0C21F04C24BA11E700988314 /* Constants.swift in Sources */ = {isa = PBXBuildFile; fileRef = 0C21F04B24BA11E700988314 /* Constants.swift */; };
		0C21F04E24BA9A7D00988314 /* AuthService.swift in Sources */ = {isa = PBXBuildFile; fileRef = 0C21F04D24BA9A7D00988314 /* AuthService.swift */; };
		0C2C07F924BB5D8000E11B38 /* TweetService.swift in Sources */ = {isa = PBXBuildFile; fileRef = 0C2C07F824BB5D8000E11B38 /* TweetService.swift */; };
		0C2C07FB24BC3B7400E11B38 /* Tweet.swift in Sources */ = {isa = PBXBuildFile; fileRef = 0C2C07FA24BC3B7400E11B38 /* Tweet.swift */; };
		0C2C07FD24BC465000E11B38 /* TweetCell.swift in Sources */ = {isa = PBXBuildFile; fileRef = 0C2C07FC24BC465000E11B38 /* TweetCell.swift */; };
		0C2C07FF24BCA08D00E11B38 /* TweetViewModel.swift in Sources */ = {isa = PBXBuildFile; fileRef = 0C2C07FE24BCA08D00E11B38 /* TweetViewModel.swift */; };
		0C4B2C8524BDCD4800FF43CD /* ProfileController.swift in Sources */ = {isa = PBXBuildFile; fileRef = 0C4B2C8424BDCD4800FF43CD /* ProfileController.swift */; };
		0C58E2EE24C4BB7F00EF25FE /* TweetController.swift in Sources */ = {isa = PBXBuildFile; fileRef = 0C58E2ED24C4BB7F00EF25FE /* TweetController.swift */; };
		0C58E2F124C4C12400EF25FE /* TweetHeader.swift in Sources */ = {isa = PBXBuildFile; fileRef = 0C58E2F024C4C12400EF25FE /* TweetHeader.swift */; };
		0C87C37F24C213670000138C /* UserCell.swift in Sources */ = {isa = PBXBuildFile; fileRef = 0C87C37E24C213670000138C /* UserCell.swift */; };
		0CB644DA24C36E650002A3DD /* UserRelationStats.swift in Sources */ = {isa = PBXBuildFile; fileRef = 0CB644D924C36E650002A3DD /* UserRelationStats.swift */; };
		0CD1936024BFAD5000636F40 /* ProfileHeader.swift in Sources */ = {isa = PBXBuildFile; fileRef = 0CD1935F24BFAD5000636F40 /* ProfileHeader.swift */; };
		0CD1936224BFC01300636F40 /* ProfileFilterView.swift in Sources */ = {isa = PBXBuildFile; fileRef = 0CD1936124BFC01300636F40 /* ProfileFilterView.swift */; };
		0CD1936424BFC25700636F40 /* ProfileFilterCell.swift in Sources */ = {isa = PBXBuildFile; fileRef = 0CD1936324BFC25700636F40 /* ProfileFilterCell.swift */; };
		0CE10B6024BAD08000EED146 /* UsersService.swift in Sources */ = {isa = PBXBuildFile; fileRef = 0CE10B5F24BAD08000EED146 /* UsersService.swift */; };
		0CE10B6224BAD81000EED146 /* User.swift in Sources */ = {isa = PBXBuildFile; fileRef = 0CE10B6124BAD81000EED146 /* User.swift */; };
		0CE10B6524BB36FF00EED146 /* WebImageView.swift in Sources */ = {isa = PBXBuildFile; fileRef = 0CE10B6424BB36FF00EED146 /* WebImageView.swift */; };
		0CE10B6724BB426C00EED146 /* UploadTweetController.swift in Sources */ = {isa = PBXBuildFile; fileRef = 0CE10B6624BB426C00EED146 /* UploadTweetController.swift */; };
		0CE10B6924BB4EEB00EED146 /* CaptiontextView.swift in Sources */ = {isa = PBXBuildFile; fileRef = 0CE10B6824BB4EEB00EED146 /* CaptiontextView.swift */; };
		0CE2CBAA24C0440500C1B6F0 /* ProfileHeaderViewViewModel.swift in Sources */ = {isa = PBXBuildFile; fileRef = 0CE2CBA924C0440500C1B6F0 /* ProfileHeaderViewViewModel.swift */; };
		D582526E83057627BBC74850 /* Pods_TwitterClone.framework in Frameworks */ = {isa = PBXBuildFile; fileRef = 1BD900D05526DFBDA8D56989 /* Pods_TwitterClone.framework */; };
/* End PBXBuildFile section */

/* Begin PBXFileReference section */
		0C08C67224C5E76300379A9D /* UploadTweetViewModel.swift */ = {isa = PBXFileReference; lastKnownFileType = sourcecode.swift; path = UploadTweetViewModel.swift; sourceTree = "<group>"; };
		0C09B7F624B8212600C6CF7C /* TwitterClone.app */ = {isa = PBXFileReference; explicitFileType = wrapper.application; includeInIndex = 0; path = TwitterClone.app; sourceTree = BUILT_PRODUCTS_DIR; };
		0C09B7F924B8212600C6CF7C /* AppDelegate.swift */ = {isa = PBXFileReference; lastKnownFileType = sourcecode.swift; path = AppDelegate.swift; sourceTree = "<group>"; };
		0C09B7FB24B8212600C6CF7C /* SceneDelegate.swift */ = {isa = PBXFileReference; lastKnownFileType = sourcecode.swift; path = SceneDelegate.swift; sourceTree = "<group>"; };
		0C09B80024B8212600C6CF7C /* Base */ = {isa = PBXFileReference; lastKnownFileType = file.storyboard; name = Base; path = Base.lproj/Main.storyboard; sourceTree = "<group>"; };
		0C09B80224B8212800C6CF7C /* Assets.xcassets */ = {isa = PBXFileReference; lastKnownFileType = folder.assetcatalog; path = Assets.xcassets; sourceTree = "<group>"; };
		0C09B80524B8212800C6CF7C /* Base */ = {isa = PBXFileReference; lastKnownFileType = file.storyboard; name = Base; path = Base.lproj/LaunchScreen.storyboard; sourceTree = "<group>"; };
		0C09B80724B8212800C6CF7C /* Info.plist */ = {isa = PBXFileReference; lastKnownFileType = text.plist.xml; path = Info.plist; sourceTree = "<group>"; };
		0C09B81824B8224500C6CF7C /* MainTabController.swift */ = {isa = PBXFileReference; lastKnownFileType = sourcecode.swift; path = MainTabController.swift; sourceTree = "<group>"; };
		0C09B81A24B823BD00C6CF7C /* FeedController.swift */ = {isa = PBXFileReference; lastKnownFileType = sourcecode.swift; path = FeedController.swift; sourceTree = "<group>"; };
		0C09B81C24B823F600C6CF7C /* ExploreController.swift */ = {isa = PBXFileReference; lastKnownFileType = sourcecode.swift; path = ExploreController.swift; sourceTree = "<group>"; };
		0C09B81E24B8243800C6CF7C /* NotificationsController.swift */ = {isa = PBXFileReference; lastKnownFileType = sourcecode.swift; path = NotificationsController.swift; sourceTree = "<group>"; };
		0C09B82024B8248C00C6CF7C /* ConversationController.swift */ = {isa = PBXFileReference; lastKnownFileType = sourcecode.swift; path = ConversationController.swift; sourceTree = "<group>"; };
		0C09B82224B834C500C6CF7C /* extension + UIColor.swift */ = {isa = PBXFileReference; lastKnownFileType = sourcecode.swift; path = "extension + UIColor.swift"; sourceTree = "<group>"; };
		0C09B82524B83AB600C6CF7C /* LoginViewController.swift */ = {isa = PBXFileReference; lastKnownFileType = sourcecode.swift; path = LoginViewController.swift; sourceTree = "<group>"; };
		0C09B82724B83B0700C6CF7C /* RegistrationViewController.swift */ = {isa = PBXFileReference; lastKnownFileType = sourcecode.swift; path = RegistrationViewController.swift; sourceTree = "<group>"; };
		0C09B82924B859DF00C6CF7C /* extension + UITextFiled.swift */ = {isa = PBXFileReference; lastKnownFileType = sourcecode.swift; path = "extension + UITextFiled.swift"; sourceTree = "<group>"; };
		0C09B82B24B85A2600C6CF7C /* extension + UIView.swift */ = {isa = PBXFileReference; lastKnownFileType = sourcecode.swift; path = "extension + UIView.swift"; sourceTree = "<group>"; };
		0C09B82D24B8948500C6CF7C /* extension + UIButton.swift */ = {isa = PBXFileReference; lastKnownFileType = sourcecode.swift; path = "extension + UIButton.swift"; sourceTree = "<group>"; };
		0C21F04924BA0C5700988314 /* GoogleService-Info.plist */ = {isa = PBXFileReference; fileEncoding = 4; lastKnownFileType = text.plist.xml; path = "GoogleService-Info.plist"; sourceTree = "<group>"; };
		0C21F04B24BA11E700988314 /* Constants.swift */ = {isa = PBXFileReference; lastKnownFileType = sourcecode.swift; path = Constants.swift; sourceTree = "<group>"; };
		0C21F04D24BA9A7D00988314 /* AuthService.swift */ = {isa = PBXFileReference; lastKnownFileType = sourcecode.swift; path = AuthService.swift; sourceTree = "<group>"; };
		0C2C07F824BB5D8000E11B38 /* TweetService.swift */ = {isa = PBXFileReference; lastKnownFileType = sourcecode.swift; path = TweetService.swift; sourceTree = "<group>"; };
		0C2C07FA24BC3B7400E11B38 /* Tweet.swift */ = {isa = PBXFileReference; lastKnownFileType = sourcecode.swift; path = Tweet.swift; sourceTree = "<group>"; };
		0C2C07FC24BC465000E11B38 /* TweetCell.swift */ = {isa = PBXFileReference; lastKnownFileType = sourcecode.swift; path = TweetCell.swift; sourceTree = "<group>"; };
		0C2C07FE24BCA08D00E11B38 /* TweetViewModel.swift */ = {isa = PBXFileReference; lastKnownFileType = sourcecode.swift; path = TweetViewModel.swift; sourceTree = "<group>"; };
		0C4B2C8424BDCD4800FF43CD /* ProfileController.swift */ = {isa = PBXFileReference; lastKnownFileType = sourcecode.swift; path = ProfileController.swift; sourceTree = "<group>"; };
		0C58E2ED24C4BB7F00EF25FE /* TweetController.swift */ = {isa = PBXFileReference; lastKnownFileType = sourcecode.swift; path = TweetController.swift; sourceTree = "<group>"; };
		0C58E2F024C4C12400EF25FE /* TweetHeader.swift */ = {isa = PBXFileReference; lastKnownFileType = sourcecode.swift; path = TweetHeader.swift; sourceTree = "<group>"; };
		0C87C37E24C213670000138C /* UserCell.swift */ = {isa = PBXFileReference; lastKnownFileType = sourcecode.swift; path = UserCell.swift; sourceTree = "<group>"; };
		0CB644D924C36E650002A3DD /* UserRelationStats.swift */ = {isa = PBXFileReference; lastKnownFileType = sourcecode.swift; path = UserRelationStats.swift; sourceTree = "<group>"; };
		0CD1935F24BFAD5000636F40 /* ProfileHeader.swift */ = {isa = PBXFileReference; lastKnownFileType = sourcecode.swift; path = ProfileHeader.swift; sourceTree = "<group>"; };
		0CD1936124BFC01300636F40 /* ProfileFilterView.swift */ = {isa = PBXFileReference; lastKnownFileType = sourcecode.swift; path = ProfileFilterView.swift; sourceTree = "<group>"; };
		0CD1936324BFC25700636F40 /* ProfileFilterCell.swift */ = {isa = PBXFileReference; lastKnownFileType = sourcecode.swift; path = ProfileFilterCell.swift; sourceTree = "<group>"; };
		0CE10B5F24BAD08000EED146 /* UsersService.swift */ = {isa = PBXFileReference; lastKnownFileType = sourcecode.swift; path = UsersService.swift; sourceTree = "<group>"; };
		0CE10B6124BAD81000EED146 /* User.swift */ = {isa = PBXFileReference; lastKnownFileType = sourcecode.swift; path = User.swift; sourceTree = "<group>"; };
		0CE10B6424BB36FF00EED146 /* WebImageView.swift */ = {isa = PBXFileReference; lastKnownFileType = sourcecode.swift; path = WebImageView.swift; sourceTree = "<group>"; };
		0CE10B6624BB426C00EED146 /* UploadTweetController.swift */ = {isa = PBXFileReference; lastKnownFileType = sourcecode.swift; path = UploadTweetController.swift; sourceTree = "<group>"; };
		0CE10B6824BB4EEB00EED146 /* CaptiontextView.swift */ = {isa = PBXFileReference; lastKnownFileType = sourcecode.swift; path = CaptiontextView.swift; sourceTree = "<group>"; };
		0CE2CBA924C0440500C1B6F0 /* ProfileHeaderViewViewModel.swift */ = {isa = PBXFileReference; lastKnownFileType = sourcecode.swift; path = ProfileHeaderViewViewModel.swift; sourceTree = "<group>"; };
		1BD900D05526DFBDA8D56989 /* Pods_TwitterClone.framework */ = {isa = PBXFileReference; explicitFileType = wrapper.framework; includeInIndex = 0; path = Pods_TwitterClone.framework; sourceTree = BUILT_PRODUCTS_DIR; };
		588E6699112503E416CFAB19 /* Pods-TwitterClone.debug.xcconfig */ = {isa = PBXFileReference; includeInIndex = 1; lastKnownFileType = text.xcconfig; name = "Pods-TwitterClone.debug.xcconfig"; path = "Target Support Files/Pods-TwitterClone/Pods-TwitterClone.debug.xcconfig"; sourceTree = "<group>"; };
		9C0ADFC91ADD00D67534CB6A /* Pods-TwitterClone.release.xcconfig */ = {isa = PBXFileReference; includeInIndex = 1; lastKnownFileType = text.xcconfig; name = "Pods-TwitterClone.release.xcconfig"; path = "Target Support Files/Pods-TwitterClone/Pods-TwitterClone.release.xcconfig"; sourceTree = "<group>"; };
/* End PBXFileReference section */

/* Begin PBXFrameworksBuildPhase section */
		0C09B7F324B8212600C6CF7C /* Frameworks */ = {
			isa = PBXFrameworksBuildPhase;
			buildActionMask = 2147483647;
			files = (
				D582526E83057627BBC74850 /* Pods_TwitterClone.framework in Frameworks */,
			);
			runOnlyForDeploymentPostprocessing = 0;
		};
/* End PBXFrameworksBuildPhase section */

/* Begin PBXGroup section */
		0C09B7ED24B8212500C6CF7C = {
			isa = PBXGroup;
			children = (
				0C09B7F824B8212600C6CF7C /* TwitterClone */,
				0C09B7F724B8212600C6CF7C /* Products */,
				6274E701DF9DF9829FBC5738 /* Pods */,
				BCE76438DABFF266AD5EAF76 /* Frameworks */,
			);
			sourceTree = "<group>";
		};
		0C09B7F724B8212600C6CF7C /* Products */ = {
			isa = PBXGroup;
			children = (
				0C09B7F624B8212600C6CF7C /* TwitterClone.app */,
			);
			name = Products;
			sourceTree = "<group>";
		};
		0C09B7F824B8212600C6CF7C /* TwitterClone */ = {
			isa = PBXGroup;
			children = (
				0C09B7F924B8212600C6CF7C /* AppDelegate.swift */,
				0C09B7FB24B8212600C6CF7C /* SceneDelegate.swift */,
				0C09B81724B8218C00C6CF7C /* Model */,
				0C09B81624B8218A00C6CF7C /* View */,
				0C09B81524B8218900C6CF7C /* ViewModel */,
				0C09B81424B8218800C6CF7C /* Controller */,
				0C09B81324B8218600C6CF7C /* API */,
				0C09B80D24B8217800C6CF7C /* Utils */,
				0C09B7FF24B8212600C6CF7C /* Main.storyboard */,
				0C09B80224B8212800C6CF7C /* Assets.xcassets */,
				0C09B80424B8212800C6CF7C /* LaunchScreen.storyboard */,
				0C21F04924BA0C5700988314 /* GoogleService-Info.plist */,
				0C09B80724B8212800C6CF7C /* Info.plist */,
			);
			path = TwitterClone;
			sourceTree = "<group>";
		};
		0C09B80D24B8217800C6CF7C /* Utils */ = {
			isa = PBXGroup;
			children = (
				0CE10B6424BB36FF00EED146 /* WebImageView.swift */,
				0C21F04B24BA11E700988314 /* Constants.swift */,
				0C09B82224B834C500C6CF7C /* extension + UIColor.swift */,
				0C09B82924B859DF00C6CF7C /* extension + UITextFiled.swift */,
				0C09B82B24B85A2600C6CF7C /* extension + UIView.swift */,
				0C09B82D24B8948500C6CF7C /* extension + UIButton.swift */,
			);
			path = Utils;
			sourceTree = "<group>";
		};
		0C09B81324B8218600C6CF7C /* API */ = {
			isa = PBXGroup;
			children = (
				0C21F04D24BA9A7D00988314 /* AuthService.swift */,
				0CE10B5F24BAD08000EED146 /* UsersService.swift */,
				0C2C07F824BB5D8000E11B38 /* TweetService.swift */,
			);
			path = API;
			sourceTree = "<group>";
		};
		0C09B81424B8218800C6CF7C /* Controller */ = {
			isa = PBXGroup;
			children = (
				0C4B2C8424BDCD4800FF43CD /* ProfileController.swift */,
				0C09B82424B83A8400C6CF7C /* Auth */,
				0C09B81824B8224500C6CF7C /* MainTabController.swift */,
				0C09B81A24B823BD00C6CF7C /* FeedController.swift */,
				0C09B81C24B823F600C6CF7C /* ExploreController.swift */,
				0C09B81E24B8243800C6CF7C /* NotificationsController.swift */,
				0C09B82024B8248C00C6CF7C /* ConversationController.swift */,
				0CE10B6624BB426C00EED146 /* UploadTweetController.swift */,
				0C58E2ED24C4BB7F00EF25FE /* TweetController.swift */,
			);
			path = Controller;
			sourceTree = "<group>";
		};
		0C09B81524B8218900C6CF7C /* ViewModel */ = {
			isa = PBXGroup;
			children = (
				0C2C07FE24BCA08D00E11B38 /* TweetViewModel.swift */,
				0CE2CBA924C0440500C1B6F0 /* ProfileHeaderViewViewModel.swift */,
				0C08C67224C5E76300379A9D /* UploadTweetViewModel.swift */,
			);
			path = ViewModel;
			sourceTree = "<group>";
		};
		0C09B81624B8218A00C6CF7C /* View */ = {
			isa = PBXGroup;
			children = (
				0C58E2EF24C4C11600EF25FE /* TweetHeader */,
				0CD1936524C0433D00636F40 /* Profile header view */,
				0CE10B6824BB4EEB00EED146 /* CaptiontextView.swift */,
				0C2C07FC24BC465000E11B38 /* TweetCell.swift */,
				0C87C37E24C213670000138C /* UserCell.swift */,
			);
			path = View;
			sourceTree = "<group>";
		};
		0C09B81724B8218C00C6CF7C /* Model */ = {
			isa = PBXGroup;
			children = (
				0CE10B6124BAD81000EED146 /* User.swift */,
				0C2C07FA24BC3B7400E11B38 /* Tweet.swift */,
				0CB644D924C36E650002A3DD /* UserRelationStats.swift */,
			);
			path = Model;
			sourceTree = "<group>";
		};
		0C09B82424B83A8400C6CF7C /* Auth */ = {
			isa = PBXGroup;
			children = (
				0C09B82524B83AB600C6CF7C /* LoginViewController.swift */,
				0C09B82724B83B0700C6CF7C /* RegistrationViewController.swift */,
			);
			path = Auth;
			sourceTree = "<group>";
		};
		0C58E2EF24C4C11600EF25FE /* TweetHeader */ = {
			isa = PBXGroup;
			children = (
				0C58E2F024C4C12400EF25FE /* TweetHeader.swift */,
			);
			path = TweetHeader;
			sourceTree = "<group>";
		};
		0CD1936524C0433D00636F40 /* Profile header view */ = {
			isa = PBXGroup;
			children = (
				0CD1935F24BFAD5000636F40 /* ProfileHeader.swift */,
				0CD1936624C0435800636F40 /* Profile filter view */,
			);
			path = "Profile header view";
			sourceTree = "<group>";
		};
		0CD1936624C0435800636F40 /* Profile filter view */ = {
			isa = PBXGroup;
			children = (
				0CD1936124BFC01300636F40 /* ProfileFilterView.swift */,
				0CD1936324BFC25700636F40 /* ProfileFilterCell.swift */,
			);
			path = "Profile filter view";
			sourceTree = "<group>";
		};
		6274E701DF9DF9829FBC5738 /* Pods */ = {
			isa = PBXGroup;
			children = (
				588E6699112503E416CFAB19 /* Pods-TwitterClone.debug.xcconfig */,
				9C0ADFC91ADD00D67534CB6A /* Pods-TwitterClone.release.xcconfig */,
			);
			path = Pods;
			sourceTree = "<group>";
		};
		BCE76438DABFF266AD5EAF76 /* Frameworks */ = {
			isa = PBXGroup;
			children = (
				1BD900D05526DFBDA8D56989 /* Pods_TwitterClone.framework */,
			);
			name = Frameworks;
			sourceTree = "<group>";
		};
/* End PBXGroup section */

/* Begin PBXNativeTarget section */
		0C09B7F524B8212600C6CF7C /* TwitterClone */ = {
			isa = PBXNativeTarget;
			buildConfigurationList = 0C09B80A24B8212800C6CF7C /* Build configuration list for PBXNativeTarget "TwitterClone" */;
			buildPhases = (
				9F551A726F7BDD56A16B5472 /* [CP] Check Pods Manifest.lock */,
				0C09B7F224B8212600C6CF7C /* Sources */,
				0C09B7F324B8212600C6CF7C /* Frameworks */,
				0C09B7F424B8212600C6CF7C /* Resources */,
				056AC3C509BC8CE1CCBC40BC /* [CP] Embed Pods Frameworks */,
			);
			buildRules = (
			);
			dependencies = (
			);
			name = TwitterClone;
			productName = TwitterClone;
			productReference = 0C09B7F624B8212600C6CF7C /* TwitterClone.app */;
			productType = "com.apple.product-type.application";
		};
/* End PBXNativeTarget section */

/* Begin PBXProject section */
		0C09B7EE24B8212500C6CF7C /* Project object */ = {
			isa = PBXProject;
			attributes = {
				LastSwiftUpdateCheck = 1150;
				LastUpgradeCheck = 1150;
				ORGANIZATIONNAME = "Andrey Novikov";
				TargetAttributes = {
					0C09B7F524B8212600C6CF7C = {
						CreatedOnToolsVersion = 11.5;
					};
				};
			};
			buildConfigurationList = 0C09B7F124B8212500C6CF7C /* Build configuration list for PBXProject "TwitterClone" */;
			compatibilityVersion = "Xcode 9.3";
			developmentRegion = en;
			hasScannedForEncodings = 0;
			knownRegions = (
				en,
				Base,
			);
			mainGroup = 0C09B7ED24B8212500C6CF7C;
			productRefGroup = 0C09B7F724B8212600C6CF7C /* Products */;
			projectDirPath = "";
			projectRoot = "";
			targets = (
				0C09B7F524B8212600C6CF7C /* TwitterClone */,
			);
		};
/* End PBXProject section */

/* Begin PBXResourcesBuildPhase section */
		0C09B7F424B8212600C6CF7C /* Resources */ = {
			isa = PBXResourcesBuildPhase;
			buildActionMask = 2147483647;
			files = (
				0C09B80624B8212800C6CF7C /* LaunchScreen.storyboard in Resources */,
				0C21F04A24BA0C5700988314 /* GoogleService-Info.plist in Resources */,
				0C09B80324B8212800C6CF7C /* Assets.xcassets in Resources */,
				0C09B80124B8212600C6CF7C /* Main.storyboard in Resources */,
			);
			runOnlyForDeploymentPostprocessing = 0;
		};
/* End PBXResourcesBuildPhase section */

/* Begin PBXShellScriptBuildPhase section */
		056AC3C509BC8CE1CCBC40BC /* [CP] Embed Pods Frameworks */ = {
			isa = PBXShellScriptBuildPhase;
			buildActionMask = 2147483647;
			files = (
			);
			inputFileListPaths = (
				"${PODS_ROOT}/Target Support Files/Pods-TwitterClone/Pods-TwitterClone-frameworks-${CONFIGURATION}-input-files.xcfilelist",
			);
			name = "[CP] Embed Pods Frameworks";
			outputFileListPaths = (
				"${PODS_ROOT}/Target Support Files/Pods-TwitterClone/Pods-TwitterClone-frameworks-${CONFIGURATION}-output-files.xcfilelist",
			);
			runOnlyForDeploymentPostprocessing = 0;
			shellPath = /bin/sh;
			shellScript = "\"${PODS_ROOT}/Target Support Files/Pods-TwitterClone/Pods-TwitterClone-frameworks.sh\"\n";
			showEnvVarsInLog = 0;
		};
		9F551A726F7BDD56A16B5472 /* [CP] Check Pods Manifest.lock */ = {
			isa = PBXShellScriptBuildPhase;
			buildActionMask = 2147483647;
			files = (
			);
			inputFileListPaths = (
			);
			inputPaths = (
				"${PODS_PODFILE_DIR_PATH}/Podfile.lock",
				"${PODS_ROOT}/Manifest.lock",
			);
			name = "[CP] Check Pods Manifest.lock";
			outputFileListPaths = (
			);
			outputPaths = (
				"$(DERIVED_FILE_DIR)/Pods-TwitterClone-checkManifestLockResult.txt",
			);
			runOnlyForDeploymentPostprocessing = 0;
			shellPath = /bin/sh;
			shellScript = "diff \"${PODS_PODFILE_DIR_PATH}/Podfile.lock\" \"${PODS_ROOT}/Manifest.lock\" > /dev/null\nif [ $? != 0 ] ; then\n    # print error to STDERR\n    echo \"error: The sandbox is not in sync with the Podfile.lock. Run 'pod install' or update your CocoaPods installation.\" >&2\n    exit 1\nfi\n# This output is used by Xcode 'outputs' to avoid re-running this script phase.\necho \"SUCCESS\" > \"${SCRIPT_OUTPUT_FILE_0}\"\n";
			showEnvVarsInLog = 0;
		};
/* End PBXShellScriptBuildPhase section */

/* Begin PBXSourcesBuildPhase section */
		0C09B7F224B8212600C6CF7C /* Sources */ = {
			isa = PBXSourcesBuildPhase;
			buildActionMask = 2147483647;
			files = (
				0C4B2C8524BDCD4800FF43CD /* ProfileController.swift in Sources */,
				0CE10B6024BAD08000EED146 /* UsersService.swift in Sources */,
				0C09B82C24B85A2600C6CF7C /* extension + UIView.swift in Sources */,
				0C09B82624B83AB600C6CF7C /* LoginViewController.swift in Sources */,
				0C09B81F24B8243800C6CF7C /* NotificationsController.swift in Sources */,
				0C09B7FA24B8212600C6CF7C /* AppDelegate.swift in Sources */,
				0C09B82324B834C500C6CF7C /* extension + UIColor.swift in Sources */,
				0C09B82824B83B0700C6CF7C /* RegistrationViewController.swift in Sources */,
				0CB644DA24C36E650002A3DD /* UserRelationStats.swift in Sources */,
				0C87C37F24C213670000138C /* UserCell.swift in Sources */,
				0CE2CBAA24C0440500C1B6F0 /* ProfileHeaderViewViewModel.swift in Sources */,
				0CE10B6724BB426C00EED146 /* UploadTweetController.swift in Sources */,
				0CD1936424BFC25700636F40 /* ProfileFilterCell.swift in Sources */,
				0CE10B6524BB36FF00EED146 /* WebImageView.swift in Sources */,
				0CE10B6224BAD81000EED146 /* User.swift in Sources */,
				0C09B81D24B823F600C6CF7C /* ExploreController.swift in Sources */,
				0C09B81924B8224500C6CF7C /* MainTabController.swift in Sources */,
				0C2C07FF24BCA08D00E11B38 /* TweetViewModel.swift in Sources */,
				0C09B82A24B859DF00C6CF7C /* extension + UITextFiled.swift in Sources */,
				0C09B7FC24B8212600C6CF7C /* SceneDelegate.swift in Sources */,
				0C2C07F924BB5D8000E11B38 /* TweetService.swift in Sources */,
				0CD1936224BFC01300636F40 /* ProfileFilterView.swift in Sources */,
				0CE10B6924BB4EEB00EED146 /* CaptiontextView.swift in Sources */,
				0CD1936024BFAD5000636F40 /* ProfileHeader.swift in Sources */,
				0C2C07FD24BC465000E11B38 /* TweetCell.swift in Sources */,
				0C09B82124B8248C00C6CF7C /* ConversationController.swift in Sources */,
				0C21F04C24BA11E700988314 /* Constants.swift in Sources */,
				0C08C67324C5E76300379A9D /* UploadTweetViewModel.swift in Sources */,
				0C21F04E24BA9A7D00988314 /* AuthService.swift in Sources */,
				0C09B81B24B823BD00C6CF7C /* FeedController.swift in Sources */,
				0C58E2EE24C4BB7F00EF25FE /* TweetController.swift in Sources */,
				0C09B82E24B8948500C6CF7C /* extension + UIButton.swift in Sources */,
				0C58E2F124C4C12400EF25FE /* TweetHeader.swift in Sources */,
				0C2C07FB24BC3B7400E11B38 /* Tweet.swift in Sources */,
			);
			runOnlyForDeploymentPostprocessing = 0;
		};
/* End PBXSourcesBuildPhase section */

/* Begin PBXVariantGroup section */
		0C09B7FF24B8212600C6CF7C /* Main.storyboard */ = {
			isa = PBXVariantGroup;
			children = (
				0C09B80024B8212600C6CF7C /* Base */,
			);
			name = Main.storyboard;
			sourceTree = "<group>";
		};
		0C09B80424B8212800C6CF7C /* LaunchScreen.storyboard */ = {
			isa = PBXVariantGroup;
			children = (
				0C09B80524B8212800C6CF7C /* Base */,
			);
			name = LaunchScreen.storyboard;
			sourceTree = "<group>";
		};
/* End PBXVariantGroup section */

/* Begin XCBuildConfiguration section */
		0C09B80824B8212800C6CF7C /* Debug */ = {
			isa = XCBuildConfiguration;
			buildSettings = {
				ALWAYS_SEARCH_USER_PATHS = NO;
				CLANG_ANALYZER_NONNULL = YES;
				CLANG_ANALYZER_NUMBER_OBJECT_CONVERSION = YES_AGGRESSIVE;
				CLANG_CXX_LANGUAGE_STANDARD = "gnu++14";
				CLANG_CXX_LIBRARY = "libc++";
				CLANG_ENABLE_MODULES = YES;
				CLANG_ENABLE_OBJC_ARC = YES;
				CLANG_ENABLE_OBJC_WEAK = YES;
				CLANG_WARN_BLOCK_CAPTURE_AUTORELEASING = YES;
				CLANG_WARN_BOOL_CONVERSION = YES;
				CLANG_WARN_COMMA = YES;
				CLANG_WARN_CONSTANT_CONVERSION = YES;
				CLANG_WARN_DEPRECATED_OBJC_IMPLEMENTATIONS = YES;
				CLANG_WARN_DIRECT_OBJC_ISA_USAGE = YES_ERROR;
				CLANG_WARN_DOCUMENTATION_COMMENTS = YES;
				CLANG_WARN_EMPTY_BODY = YES;
				CLANG_WARN_ENUM_CONVERSION = YES;
				CLANG_WARN_INFINITE_RECURSION = YES;
				CLANG_WARN_INT_CONVERSION = YES;
				CLANG_WARN_NON_LITERAL_NULL_CONVERSION = YES;
				CLANG_WARN_OBJC_IMPLICIT_RETAIN_SELF = YES;
				CLANG_WARN_OBJC_LITERAL_CONVERSION = YES;
				CLANG_WARN_OBJC_ROOT_CLASS = YES_ERROR;
				CLANG_WARN_RANGE_LOOP_ANALYSIS = YES;
				CLANG_WARN_STRICT_PROTOTYPES = YES;
				CLANG_WARN_SUSPICIOUS_MOVE = YES;
				CLANG_WARN_UNGUARDED_AVAILABILITY = YES_AGGRESSIVE;
				CLANG_WARN_UNREACHABLE_CODE = YES;
				CLANG_WARN__DUPLICATE_METHOD_MATCH = YES;
				COPY_PHASE_STRIP = NO;
				DEBUG_INFORMATION_FORMAT = dwarf;
				ENABLE_STRICT_OBJC_MSGSEND = YES;
				ENABLE_TESTABILITY = YES;
				GCC_C_LANGUAGE_STANDARD = gnu11;
				GCC_DYNAMIC_NO_PIC = NO;
				GCC_NO_COMMON_BLOCKS = YES;
				GCC_OPTIMIZATION_LEVEL = 0;
				GCC_PREPROCESSOR_DEFINITIONS = (
					"DEBUG=1",
					"$(inherited)",
				);
				GCC_WARN_64_TO_32_BIT_CONVERSION = YES;
				GCC_WARN_ABOUT_RETURN_TYPE = YES_ERROR;
				GCC_WARN_UNDECLARED_SELECTOR = YES;
				GCC_WARN_UNINITIALIZED_AUTOS = YES_AGGRESSIVE;
				GCC_WARN_UNUSED_FUNCTION = YES;
				GCC_WARN_UNUSED_VARIABLE = YES;
				IPHONEOS_DEPLOYMENT_TARGET = 13.5;
				MTL_ENABLE_DEBUG_INFO = INCLUDE_SOURCE;
				MTL_FAST_MATH = YES;
				ONLY_ACTIVE_ARCH = YES;
				SDKROOT = iphoneos;
				SWIFT_ACTIVE_COMPILATION_CONDITIONS = DEBUG;
				SWIFT_OPTIMIZATION_LEVEL = "-Onone";
			};
			name = Debug;
		};
		0C09B80924B8212800C6CF7C /* Release */ = {
			isa = XCBuildConfiguration;
			buildSettings = {
				ALWAYS_SEARCH_USER_PATHS = NO;
				CLANG_ANALYZER_NONNULL = YES;
				CLANG_ANALYZER_NUMBER_OBJECT_CONVERSION = YES_AGGRESSIVE;
				CLANG_CXX_LANGUAGE_STANDARD = "gnu++14";
				CLANG_CXX_LIBRARY = "libc++";
				CLANG_ENABLE_MODULES = YES;
				CLANG_ENABLE_OBJC_ARC = YES;
				CLANG_ENABLE_OBJC_WEAK = YES;
				CLANG_WARN_BLOCK_CAPTURE_AUTORELEASING = YES;
				CLANG_WARN_BOOL_CONVERSION = YES;
				CLANG_WARN_COMMA = YES;
				CLANG_WARN_CONSTANT_CONVERSION = YES;
				CLANG_WARN_DEPRECATED_OBJC_IMPLEMENTATIONS = YES;
				CLANG_WARN_DIRECT_OBJC_ISA_USAGE = YES_ERROR;
				CLANG_WARN_DOCUMENTATION_COMMENTS = YES;
				CLANG_WARN_EMPTY_BODY = YES;
				CLANG_WARN_ENUM_CONVERSION = YES;
				CLANG_WARN_INFINITE_RECURSION = YES;
				CLANG_WARN_INT_CONVERSION = YES;
				CLANG_WARN_NON_LITERAL_NULL_CONVERSION = YES;
				CLANG_WARN_OBJC_IMPLICIT_RETAIN_SELF = YES;
				CLANG_WARN_OBJC_LITERAL_CONVERSION = YES;
				CLANG_WARN_OBJC_ROOT_CLASS = YES_ERROR;
				CLANG_WARN_RANGE_LOOP_ANALYSIS = YES;
				CLANG_WARN_STRICT_PROTOTYPES = YES;
				CLANG_WARN_SUSPICIOUS_MOVE = YES;
				CLANG_WARN_UNGUARDED_AVAILABILITY = YES_AGGRESSIVE;
				CLANG_WARN_UNREACHABLE_CODE = YES;
				CLANG_WARN__DUPLICATE_METHOD_MATCH = YES;
				COPY_PHASE_STRIP = NO;
				DEBUG_INFORMATION_FORMAT = "dwarf-with-dsym";
				ENABLE_NS_ASSERTIONS = NO;
				ENABLE_STRICT_OBJC_MSGSEND = YES;
				GCC_C_LANGUAGE_STANDARD = gnu11;
				GCC_NO_COMMON_BLOCKS = YES;
				GCC_WARN_64_TO_32_BIT_CONVERSION = YES;
				GCC_WARN_ABOUT_RETURN_TYPE = YES_ERROR;
				GCC_WARN_UNDECLARED_SELECTOR = YES;
				GCC_WARN_UNINITIALIZED_AUTOS = YES_AGGRESSIVE;
				GCC_WARN_UNUSED_FUNCTION = YES;
				GCC_WARN_UNUSED_VARIABLE = YES;
				IPHONEOS_DEPLOYMENT_TARGET = 13.5;
				MTL_ENABLE_DEBUG_INFO = NO;
				MTL_FAST_MATH = YES;
				SDKROOT = iphoneos;
				SWIFT_COMPILATION_MODE = wholemodule;
				SWIFT_OPTIMIZATION_LEVEL = "-O";
				VALIDATE_PRODUCT = YES;
			};
			name = Release;
		};
		0C09B80B24B8212800C6CF7C /* Debug */ = {
			isa = XCBuildConfiguration;
			baseConfigurationReference = 588E6699112503E416CFAB19 /* Pods-TwitterClone.debug.xcconfig */;
			buildSettings = {
				ASSETCATALOG_COMPILER_APPICON_NAME = AppIcon;
				CODE_SIGN_STYLE = Automatic;
				DEVELOPMENT_TEAM = C7L2AL6Q55;
				INFOPLIST_FILE = TwitterClone/Info.plist;
				LD_RUNPATH_SEARCH_PATHS = (
					"$(inherited)",
					"@executable_path/Frameworks",
				);
				PRODUCT_BUNDLE_IDENTIFIER = ru.andrenovikov.TwitterClone;
				PRODUCT_NAME = "$(TARGET_NAME)";
				SWIFT_VERSION = 5.0;
				TARGETED_DEVICE_FAMILY = "1,2";
			};
			name = Debug;
		};
		0C09B80C24B8212800C6CF7C /* Release */ = {
			isa = XCBuildConfiguration;
			baseConfigurationReference = 9C0ADFC91ADD00D67534CB6A /* Pods-TwitterClone.release.xcconfig */;
			buildSettings = {
				ASSETCATALOG_COMPILER_APPICON_NAME = AppIcon;
				CODE_SIGN_STYLE = Automatic;
				DEVELOPMENT_TEAM = C7L2AL6Q55;
				INFOPLIST_FILE = TwitterClone/Info.plist;
				LD_RUNPATH_SEARCH_PATHS = (
					"$(inherited)",
					"@executable_path/Frameworks",
				);
				PRODUCT_BUNDLE_IDENTIFIER = ru.andrenovikov.TwitterClone;
				PRODUCT_NAME = "$(TARGET_NAME)";
				SWIFT_VERSION = 5.0;
				TARGETED_DEVICE_FAMILY = "1,2";
			};
			name = Release;
		};
/* End XCBuildConfiguration section */

/* Begin XCConfigurationList section */
		0C09B7F124B8212500C6CF7C /* Build configuration list for PBXProject "TwitterClone" */ = {
			isa = XCConfigurationList;
			buildConfigurations = (
				0C09B80824B8212800C6CF7C /* Debug */,
				0C09B80924B8212800C6CF7C /* Release */,
			);
			defaultConfigurationIsVisible = 0;
			defaultConfigurationName = Release;
		};
		0C09B80A24B8212800C6CF7C /* Build configuration list for PBXNativeTarget "TwitterClone" */ = {
			isa = XCConfigurationList;
			buildConfigurations = (
				0C09B80B24B8212800C6CF7C /* Debug */,
				0C09B80C24B8212800C6CF7C /* Release */,
			);
			defaultConfigurationIsVisible = 0;
			defaultConfigurationName = Release;
		};
/* End XCConfigurationList section */
	};
	rootObject = 0C09B7EE24B8212500C6CF7C /* Project object */;
}
